
Microsoft Visual Studio Solution File, Format Version 12.00
# Visual Studio Version 16
VisualStudioVersion = 16.0.32413.511
MinimumVisualStudioVersion = 10.0.40219.1
Project("{FAE04EC0-301F-11D3-BF4B-00C04F79EFBC}") = "Tema4Ex2", "Tema4Ex2\Tema4Ex2.csproj", "{9E2C94FF-FDE0-41CF-8C58-630ECD08BACA}"
EndProject
Global
	GlobalSection(SolutionConfigurationPlatforms) = preSolution
		Debug|Any CPU = Debug|Any CPU
		Release|Any CPU = Release|Any CPU
	EndGlobalSection
	GlobalSection(ProjectConfigurationPlatforms) = postSolution
		{9E2C94FF-FDE0-41CF-8C58-630ECD08BACA}.Debug|Any CPU.ActiveCfg = Debug|Any CPU
		{9E2C94FF-FDE0-41CF-8C58-630ECD08BACA}.Debug|Any CPU.Build.0 = Debug|Any CPU
		{9E2C94FF-FDE0-41CF-8C58-630ECD08BACA}.Release|Any CPU.ActiveCfg = Release|Any CPU
		{9E2C94FF-FDE0-41CF-8C58-630ECD08BACA}.Release|Any CPU.Build.0 = Release|Any CPU
	EndGlobalSection
	GlobalSection(SolutionProperties) = preSolution
		HideSolutionNode = FALSE
	EndGlobalSection
	GlobalSection(ExtensibilityGlobals) = postSolution
		SolutionGuid = {A4B589E9-197C-405B-A2A7-36283E187427}
	EndGlobalSection
EndGlobal
